// !$*UTF8*$!
{
	archiveVersion = 1;
	classes = {
	};
	objectVersion = 51;
	objects = {

/* Begin PBXBuildFile section */
		36120C482666383F00E45AFA /* PictureDetailVC.swift in Sources */ = {isa = PBXBuildFile; fileRef = 36120C472666383F00E45AFA /* PictureDetailVC.swift */; };
		363AB37C265B90AF008EB666 /* AppDelegate.swift in Sources */ = {isa = PBXBuildFile; fileRef = 363AB37B265B90AF008EB666 /* AppDelegate.swift */; };
		363AB37E265B90AF008EB666 /* SceneDelegate.swift in Sources */ = {isa = PBXBuildFile; fileRef = 363AB37D265B90AF008EB666 /* SceneDelegate.swift */; };
		363AB383265B90B0008EB666 /* Main.storyboard in Resources */ = {isa = PBXBuildFile; fileRef = 363AB381265B90B0008EB666 /* Main.storyboard */; };
		363AB385265B90B1008EB666 /* Assets.xcassets in Resources */ = {isa = PBXBuildFile; fileRef = 363AB384265B90B1008EB666 /* Assets.xcassets */; };
		363AB388265B90B1008EB666 /* LaunchScreen.storyboard in Resources */ = {isa = PBXBuildFile; fileRef = 363AB386265B90B1008EB666 /* LaunchScreen.storyboard */; };
		363AB390265B9185008EB666 /* ListOfLegions.swift in Sources */ = {isa = PBXBuildFile; fileRef = 363AB38F265B9185008EB666 /* ListOfLegions.swift */; };
		363AB392265B9275008EB666 /* Legion.swift in Sources */ = {isa = PBXBuildFile; fileRef = 363AB391265B9275008EB666 /* Legion.swift */; };
		363AB394265BA22D008EB666 /* LegionDetailVC.swift in Sources */ = {isa = PBXBuildFile; fileRef = 363AB393265BA22D008EB666 /* LegionDetailVC.swift */; };
		363AB396265BB14D008EB666 /* DataManager.swift in Sources */ = {isa = PBXBuildFile; fileRef = 363AB395265BB14D008EB666 /* DataManager.swift */; };
		363AB398265BC303008EB666 /* PrimarchDetailVC.swift in Sources */ = {isa = PBXBuildFile; fileRef = 363AB397265BC303008EB666 /* PrimarchDetailVC.swift */; };
		363AB39A265BC9D2008EB666 /* TabBarVC.swift in Sources */ = {isa = PBXBuildFile; fileRef = 363AB399265BC9D2008EB666 /* TabBarVC.swift */; };
		36543F702664E2BF00DB78AD /* GalleryCV.swift in Sources */ = {isa = PBXBuildFile; fileRef = 36543F6F2664E2BF00DB78AD /* GalleryCV.swift */; };
		36543F722664E98700DB78AD /* GalleryCell.swift in Sources */ = {isa = PBXBuildFile; fileRef = 36543F712664E98700DB78AD /* GalleryCell.swift */; };
		365CFE4D27189392004A5C2E /* GoogleService-Info.plist in Resources */ = {isa = PBXBuildFile; fileRef = 365CFE4C27189392004A5C2E /* GoogleService-Info.plist */; };
		365CFE4F2718A0D3004A5C2E /* APIManager.swift in Sources */ = {isa = PBXBuildFile; fileRef = 365CFE4E2718A0D3004A5C2E /* APIManager.swift */; };
		3664A0CE266E010400DBE249 /* MechanicusVC.swift in Sources */ = {isa = PBXBuildFile; fileRef = 3664A0CD266E010400DBE249 /* MechanicusVC.swift */; };
		3664A0D0266E047100DBE249 /* PrimarchWiki.swift in Sources */ = {isa = PBXBuildFile; fileRef = 3664A0CF266E047100DBE249 /* PrimarchWiki.swift */; };
		367CFF5F2661204A005F731D /* MenuScreenCV.swift in Sources */ = {isa = PBXBuildFile; fileRef = 367CFF5E2661204A005F731D /* MenuScreenCV.swift */; };
		367CFF6126612067005F731D /* MenuCell.swift in Sources */ = {isa = PBXBuildFile; fileRef = 367CFF6026612067005F731D /* MenuCell.swift */; };
		367CFF6326615A6A005F731D /* ChaosVC.swift in Sources */ = {isa = PBXBuildFile; fileRef = 367CFF6226615A6A005F731D /* ChaosVC.swift */; };
		5697FBB74102C790BCA78FC9 /* Pods_Legions.framework in Frameworks */ = {isa = PBXBuildFile; fileRef = 10E4785DC6FBDA01F1C2517E /* Pods_Legions.framework */; };
/* End PBXBuildFile section */

/* Begin PBXFileReference section */
		10E4785DC6FBDA01F1C2517E /* Pods_Legions.framework */ = {isa = PBXFileReference; explicitFileType = wrapper.framework; includeInIndex = 0; path = Pods_Legions.framework; sourceTree = BUILT_PRODUCTS_DIR; };
		33157B9ABAAF2B6EEB83EEEE /* Pods-Legions.release.xcconfig */ = {isa = PBXFileReference; includeInIndex = 1; lastKnownFileType = text.xcconfig; name = "Pods-Legions.release.xcconfig"; path = "Target Support Files/Pods-Legions/Pods-Legions.release.xcconfig"; sourceTree = "<group>"; };
		36120C472666383F00E45AFA /* PictureDetailVC.swift */ = {isa = PBXFileReference; lastKnownFileType = sourcecode.swift; path = PictureDetailVC.swift; sourceTree = "<group>"; };
		363AB378265B90AF008EB666 /* Legions.app */ = {isa = PBXFileReference; explicitFileType = wrapper.application; includeInIndex = 0; path = Legions.app; sourceTree = BUILT_PRODUCTS_DIR; };
		363AB37B265B90AF008EB666 /* AppDelegate.swift */ = {isa = PBXFileReference; lastKnownFileType = sourcecode.swift; path = AppDelegate.swift; sourceTree = "<group>"; };
		363AB37D265B90AF008EB666 /* SceneDelegate.swift */ = {isa = PBXFileReference; lastKnownFileType = sourcecode.swift; path = SceneDelegate.swift; sourceTree = "<group>"; };
		363AB382265B90B0008EB666 /* Base */ = {isa = PBXFileReference; lastKnownFileType = file.storyboard; name = Base; path = Base.lproj/Main.storyboard; sourceTree = "<group>"; };
		363AB384265B90B1008EB666 /* Assets.xcassets */ = {isa = PBXFileReference; lastKnownFileType = folder.assetcatalog; path = Assets.xcassets; sourceTree = "<group>"; };
		363AB387265B90B1008EB666 /* Base */ = {isa = PBXFileReference; lastKnownFileType = file.storyboard; name = Base; path = Base.lproj/LaunchScreen.storyboard; sourceTree = "<group>"; };
		363AB389265B90B1008EB666 /* Info.plist */ = {isa = PBXFileReference; lastKnownFileType = text.plist.xml; path = Info.plist; sourceTree = "<group>"; };
		363AB38F265B9185008EB666 /* ListOfLegions.swift */ = {isa = PBXFileReference; lastKnownFileType = sourcecode.swift; path = ListOfLegions.swift; sourceTree = "<group>"; };
		363AB391265B9275008EB666 /* Legion.swift */ = {isa = PBXFileReference; lastKnownFileType = sourcecode.swift; path = Legion.swift; sourceTree = "<group>"; };
		363AB393265BA22D008EB666 /* LegionDetailVC.swift */ = {isa = PBXFileReference; lastKnownFileType = sourcecode.swift; path = LegionDetailVC.swift; sourceTree = "<group>"; };
		363AB395265BB14D008EB666 /* DataManager.swift */ = {isa = PBXFileReference; lastKnownFileType = sourcecode.swift; path = DataManager.swift; sourceTree = "<group>"; };
		363AB397265BC303008EB666 /* PrimarchDetailVC.swift */ = {isa = PBXFileReference; lastKnownFileType = sourcecode.swift; path = PrimarchDetailVC.swift; sourceTree = "<group>"; };
		363AB399265BC9D2008EB666 /* TabBarVC.swift */ = {isa = PBXFileReference; lastKnownFileType = sourcecode.swift; path = TabBarVC.swift; sourceTree = "<group>"; };
		36543F6F2664E2BF00DB78AD /* GalleryCV.swift */ = {isa = PBXFileReference; lastKnownFileType = sourcecode.swift; path = GalleryCV.swift; sourceTree = "<group>"; };
		36543F712664E98700DB78AD /* GalleryCell.swift */ = {isa = PBXFileReference; lastKnownFileType = sourcecode.swift; path = GalleryCell.swift; sourceTree = "<group>"; };
		365CFE4C27189392004A5C2E /* GoogleService-Info.plist */ = {isa = PBXFileReference; fileEncoding = 4; lastKnownFileType = text.plist.xml; name = "GoogleService-Info.plist"; path = "../../../../../Downloads/GoogleService-Info.plist"; sourceTree = "<group>"; };
		365CFE4E2718A0D3004A5C2E /* APIManager.swift */ = {isa = PBXFileReference; lastKnownFileType = sourcecode.swift; path = APIManager.swift; sourceTree = "<group>"; };
		3664A0CD266E010400DBE249 /* MechanicusVC.swift */ = {isa = PBXFileReference; lastKnownFileType = sourcecode.swift; path = MechanicusVC.swift; sourceTree = "<group>"; };
		3664A0CF266E047100DBE249 /* PrimarchWiki.swift */ = {isa = PBXFileReference; lastKnownFileType = sourcecode.swift; path = PrimarchWiki.swift; sourceTree = "<group>"; };
		367CFF5E2661204A005F731D /* MenuScreenCV.swift */ = {isa = PBXFileReference; lastKnownFileType = sourcecode.swift; path = MenuScreenCV.swift; sourceTree = "<group>"; };
		367CFF6026612067005F731D /* MenuCell.swift */ = {isa = PBXFileReference; lastKnownFileType = sourcecode.swift; path = MenuCell.swift; sourceTree = "<group>"; };
		367CFF6226615A6A005F731D /* ChaosVC.swift */ = {isa = PBXFileReference; lastKnownFileType = sourcecode.swift; path = ChaosVC.swift; sourceTree = "<group>"; };
		3EFBB28ED6BE31F55E3BDB83 /* Pods-Legions.debug.xcconfig */ = {isa = PBXFileReference; includeInIndex = 1; lastKnownFileType = text.xcconfig; name = "Pods-Legions.debug.xcconfig"; path = "Target Support Files/Pods-Legions/Pods-Legions.debug.xcconfig"; sourceTree = "<group>"; };
/* End PBXFileReference section */

/* Begin PBXFrameworksBuildPhase section */
		363AB375265B90AF008EB666 /* Frameworks */ = {
			isa = PBXFrameworksBuildPhase;
			buildActionMask = 2147483647;
			files = (
				5697FBB74102C790BCA78FC9 /* Pods_Legions.framework in Frameworks */,
			);
			runOnlyForDeploymentPostprocessing = 0;
		};
/* End PBXFrameworksBuildPhase section */

/* Begin PBXGroup section */
		258813B038672C967E9981AE /* Frameworks */ = {
			isa = PBXGroup;
			children = (
				10E4785DC6FBDA01F1C2517E /* Pods_Legions.framework */,
			);
			name = Frameworks;
			sourceTree = "<group>";
		};
		363AB36F265B90AF008EB666 = {
			isa = PBXGroup;
			children = (
				363AB37A265B90AF008EB666 /* Legions */,
				363AB379265B90AF008EB666 /* Products */,
				7C7B5442A3E2252D9EA1D786 /* Pods */,
				258813B038672C967E9981AE /* Frameworks */,
			);
			sourceTree = "<group>";
		};
		363AB379265B90AF008EB666 /* Products */ = {
			isa = PBXGroup;
			children = (
				363AB378265B90AF008EB666 /* Legions.app */,
			);
			name = Products;
			sourceTree = "<group>";
		};
		363AB37A265B90AF008EB666 /* Legions */ = {
			isa = PBXGroup;
			children = (
				364A1DCE268339AA000EA704 /* Models */,
				364A1DD1268339E8000EA704 /* ViewControllers */,
				364A1DD0268339CB000EA704 /* Services */,
				364A1DCF268339B5000EA704 /* StoryBoards */,
				364A1DD326833AE3000EA704 /* Resources */,
				364A1DD226833ADB000EA704 /* App */,
			);
			path = Legions;
			sourceTree = "<group>";
		};
		364A1DCE268339AA000EA704 /* Models */ = {
			isa = PBXGroup;
			children = (
				363AB391265B9275008EB666 /* Legion.swift */,
			);
			path = Models;
			sourceTree = "<group>";
		};
		364A1DCF268339B5000EA704 /* StoryBoards */ = {
			isa = PBXGroup;
			children = (
				363AB381265B90B0008EB666 /* Main.storyboard */,
				363AB386265B90B1008EB666 /* LaunchScreen.storyboard */,
			);
			path = StoryBoards;
			sourceTree = "<group>";
		};
		364A1DD0268339CB000EA704 /* Services */ = {
			isa = PBXGroup;
			children = (
				363AB395265BB14D008EB666 /* DataManager.swift */,
				365CFE4E2718A0D3004A5C2E /* APIManager.swift */,
			);
			path = Services;
			sourceTree = "<group>";
		};
		364A1DD1268339E8000EA704 /* ViewControllers */ = {
			isa = PBXGroup;
			children = (
				367CFF5E2661204A005F731D /* MenuScreenCV.swift */,
				367CFF6026612067005F731D /* MenuCell.swift */,
				3664A0CD266E010400DBE249 /* MechanicusVC.swift */,
				367CFF6226615A6A005F731D /* ChaosVC.swift */,
				363AB38F265B9185008EB666 /* ListOfLegions.swift */,
				363AB399265BC9D2008EB666 /* TabBarVC.swift */,
				363AB393265BA22D008EB666 /* LegionDetailVC.swift */,
				363AB397265BC303008EB666 /* PrimarchDetailVC.swift */,
				3664A0CF266E047100DBE249 /* PrimarchWiki.swift */,
				36543F6F2664E2BF00DB78AD /* GalleryCV.swift */,
				36543F712664E98700DB78AD /* GalleryCell.swift */,
				36120C472666383F00E45AFA /* PictureDetailVC.swift */,
			);
			path = ViewControllers;
			sourceTree = "<group>";
		};
		364A1DD226833ADB000EA704 /* App */ = {
			isa = PBXGroup;
			children = (
				363AB37B265B90AF008EB666 /* AppDelegate.swift */,
				363AB37D265B90AF008EB666 /* SceneDelegate.swift */,
				363AB389265B90B1008EB666 /* Info.plist */,
				365CFE4C27189392004A5C2E /* GoogleService-Info.plist */,
			);
			path = App;
			sourceTree = "<group>";
		};
		364A1DD326833AE3000EA704 /* Resources */ = {
			isa = PBXGroup;
			children = (
				363AB384265B90B1008EB666 /* Assets.xcassets */,
			);
			path = Resources;
			sourceTree = "<group>";
		};
		7C7B5442A3E2252D9EA1D786 /* Pods */ = {
			isa = PBXGroup;
			children = (
				3EFBB28ED6BE31F55E3BDB83 /* Pods-Legions.debug.xcconfig */,
				33157B9ABAAF2B6EEB83EEEE /* Pods-Legions.release.xcconfig */,
			);
			path = Pods;
			sourceTree = "<group>";
		};
/* End PBXGroup section */

/* Begin PBXNativeTarget section */
		363AB377265B90AF008EB666 /* Legions */ = {
			isa = PBXNativeTarget;
			buildConfigurationList = 363AB38C265B90B1008EB666 /* Build configuration list for PBXNativeTarget "Legions" */;
			buildPhases = (
				E2C3B780DC763080A31D7F0B /* [CP] Check Pods Manifest.lock */,
				363AB374265B90AF008EB666 /* Sources */,
				363AB375265B90AF008EB666 /* Frameworks */,
				363AB376265B90AF008EB666 /* Resources */,
				C378BEA566289B6E8A04543B /* [CP] Embed Pods Frameworks */,
			);
			buildRules = (
			);
			dependencies = (
			);
			name = Legions;
			productName = Legions;
			productReference = 363AB378265B90AF008EB666 /* Legions.app */;
			productType = "com.apple.product-type.application";
		};
/* End PBXNativeTarget section */

/* Begin PBXProject section */
		363AB370265B90AF008EB666 /* Project object */ = {
			isa = PBXProject;
			attributes = {
				LastSwiftUpdateCheck = 1250;
				LastUpgradeCheck = 1250;
				TargetAttributes = {
					363AB377265B90AF008EB666 = {
						CreatedOnToolsVersion = 12.5;
					};
				};
			};
			buildConfigurationList = 363AB373265B90AF008EB666 /* Build configuration list for PBXProject "Legions" */;
			compatibilityVersion = "Xcode 9.3";
			developmentRegion = en;
			hasScannedForEncodings = 0;
			knownRegions = (
				en,
				Base,
			);
			mainGroup = 363AB36F265B90AF008EB666;
			productRefGroup = 363AB379265B90AF008EB666 /* Products */;
			projectDirPath = "";
			projectRoot = "";
			targets = (
				363AB377265B90AF008EB666 /* Legions */,
			);
		};
/* End PBXProject section */

/* Begin PBXResourcesBuildPhase section */
		363AB376265B90AF008EB666 /* Resources */ = {
			isa = PBXResourcesBuildPhase;
			buildActionMask = 2147483647;
			files = (
				363AB388265B90B1008EB666 /* LaunchScreen.storyboard in Resources */,
				365CFE4D27189392004A5C2E /* GoogleService-Info.plist in Resources */,
				363AB385265B90B1008EB666 /* Assets.xcassets in Resources */,
				363AB383265B90B0008EB666 /* Main.storyboard in Resources */,
			);
			runOnlyForDeploymentPostprocessing = 0;
		};
/* End PBXResourcesBuildPhase section */

/* Begin PBXShellScriptBuildPhase section */
		C378BEA566289B6E8A04543B /* [CP] Embed Pods Frameworks */ = {
			isa = PBXShellScriptBuildPhase;
			buildActionMask = 2147483647;
			files = (
			);
			inputFileListPaths = (
				"${PODS_ROOT}/Target Support Files/Pods-Legions/Pods-Legions-frameworks-${CONFIGURATION}-input-files.xcfilelist",
			);
			name = "[CP] Embed Pods Frameworks";
			outputFileListPaths = (
				"${PODS_ROOT}/Target Support Files/Pods-Legions/Pods-Legions-frameworks-${CONFIGURATION}-output-files.xcfilelist",
			);
			runOnlyForDeploymentPostprocessing = 0;
			shellPath = /bin/sh;
			shellScript = "\"${PODS_ROOT}/Target Support Files/Pods-Legions/Pods-Legions-frameworks.sh\"\n";
			showEnvVarsInLog = 0;
		};
		E2C3B780DC763080A31D7F0B /* [CP] Check Pods Manifest.lock */ = {
			isa = PBXShellScriptBuildPhase;
			buildActionMask = 2147483647;
			files = (
			);
			inputFileListPaths = (
			);
			inputPaths = (
				"${PODS_PODFILE_DIR_PATH}/Podfile.lock",
				"${PODS_ROOT}/Manifest.lock",
			);
			name = "[CP] Check Pods Manifest.lock";
			outputFileListPaths = (
			);
			outputPaths = (
				"$(DERIVED_FILE_DIR)/Pods-Legions-checkManifestLockResult.txt",
			);
			runOnlyForDeploymentPostprocessing = 0;
			shellPath = /bin/sh;
			shellScript = "diff \"${PODS_PODFILE_DIR_PATH}/Podfile.lock\" \"${PODS_ROOT}/Manifest.lock\" > /dev/null\nif [ $? != 0 ] ; then\n    # print error to STDERR\n    echo \"error: The sandbox is not in sync with the Podfile.lock. Run 'pod install' or update your CocoaPods installation.\" >&2\n    exit 1\nfi\n# This output is used by Xcode 'outputs' to avoid re-running this script phase.\necho \"SUCCESS\" > \"${SCRIPT_OUTPUT_FILE_0}\"\n";
			showEnvVarsInLog = 0;
		};
/* End PBXShellScriptBuildPhase section */

/* Begin PBXSourcesBuildPhase section */
		363AB374265B90AF008EB666 /* Sources */ = {
			isa = PBXSourcesBuildPhase;
			buildActionMask = 2147483647;
			files = (
				3664A0D0266E047100DBE249 /* PrimarchWiki.swift in Sources */,
				367CFF5F2661204A005F731D /* MenuScreenCV.swift in Sources */,
				363AB39A265BC9D2008EB666 /* TabBarVC.swift in Sources */,
				363AB394265BA22D008EB666 /* LegionDetailVC.swift in Sources */,
				36543F722664E98700DB78AD /* GalleryCell.swift in Sources */,
				363AB396265BB14D008EB666 /* DataManager.swift in Sources */,
				367CFF6126612067005F731D /* MenuCell.swift in Sources */,
				363AB37C265B90AF008EB666 /* AppDelegate.swift in Sources */,
				3664A0CE266E010400DBE249 /* MechanicusVC.swift in Sources */,
				363AB392265B9275008EB666 /* Legion.swift in Sources */,
				363AB398265BC303008EB666 /* PrimarchDetailVC.swift in Sources */,
				367CFF6326615A6A005F731D /* ChaosVC.swift in Sources */,
				365CFE4F2718A0D3004A5C2E /* APIManager.swift in Sources */,
				36120C482666383F00E45AFA /* PictureDetailVC.swift in Sources */,
				36543F702664E2BF00DB78AD /* GalleryCV.swift in Sources */,
				363AB37E265B90AF008EB666 /* SceneDelegate.swift in Sources */,
				363AB390265B9185008EB666 /* ListOfLegions.swift in Sources */,
			);
			runOnlyForDeploymentPostprocessing = 0;
		};
/* End PBXSourcesBuildPhase section */

/* Begin PBXVariantGroup section */
		363AB381265B90B0008EB666 /* Main.storyboard */ = {
			isa = PBXVariantGroup;
			children = (
				363AB382265B90B0008EB666 /* Base */,
			);
			name = Main.storyboard;
			sourceTree = "<group>";
		};
		363AB386265B90B1008EB666 /* LaunchScreen.storyboard */ = {
			isa = PBXVariantGroup;
			children = (
				363AB387265B90B1008EB666 /* Base */,
			);
			name = LaunchScreen.storyboard;
			sourceTree = "<group>";
		};
/* End PBXVariantGroup section */

/* Begin XCBuildConfiguration section */
		363AB38A265B90B1008EB666 /* Debug */ = {
			isa = XCBuildConfiguration;
			buildSettings = {
				ALWAYS_SEARCH_USER_PATHS = NO;
				CLANG_ANALYZER_NONNULL = YES;
				CLANG_ANALYZER_NUMBER_OBJECT_CONVERSION = YES_AGGRESSIVE;
				CLANG_CXX_LANGUAGE_STANDARD = "gnu++14";
				CLANG_CXX_LIBRARY = "libc++";
				CLANG_ENABLE_MODULES = YES;
				CLANG_ENABLE_OBJC_ARC = YES;
				CLANG_ENABLE_OBJC_WEAK = YES;
				CLANG_WARN_BLOCK_CAPTURE_AUTORELEASING = YES;
				CLANG_WARN_BOOL_CONVERSION = YES;
				CLANG_WARN_COMMA = YES;
				CLANG_WARN_CONSTANT_CONVERSION = YES;
				CLANG_WARN_DEPRECATED_OBJC_IMPLEMENTATIONS = YES;
				CLANG_WARN_DIRECT_OBJC_ISA_USAGE = YES_ERROR;
				CLANG_WARN_DOCUMENTATION_COMMENTS = YES;
				CLANG_WARN_EMPTY_BODY = YES;
				CLANG_WARN_ENUM_CONVERSION = YES;
				CLANG_WARN_INFINITE_RECURSION = YES;
				CLANG_WARN_INT_CONVERSION = YES;
				CLANG_WARN_NON_LITERAL_NULL_CONVERSION = YES;
				CLANG_WARN_OBJC_IMPLICIT_RETAIN_SELF = YES;
				CLANG_WARN_OBJC_LITERAL_CONVERSION = YES;
				CLANG_WARN_OBJC_ROOT_CLASS = YES_ERROR;
				CLANG_WARN_QUOTED_INCLUDE_IN_FRAMEWORK_HEADER = YES;
				CLANG_WARN_RANGE_LOOP_ANALYSIS = YES;
				CLANG_WARN_STRICT_PROTOTYPES = YES;
				CLANG_WARN_SUSPICIOUS_MOVE = YES;
				CLANG_WARN_UNGUARDED_AVAILABILITY = YES_AGGRESSIVE;
				CLANG_WARN_UNREACHABLE_CODE = YES;
				CLANG_WARN__DUPLICATE_METHOD_MATCH = YES;
				COPY_PHASE_STRIP = NO;
				DEBUG_INFORMATION_FORMAT = dwarf;
				ENABLE_STRICT_OBJC_MSGSEND = YES;
				ENABLE_TESTABILITY = YES;
				GCC_C_LANGUAGE_STANDARD = gnu11;
				GCC_DYNAMIC_NO_PIC = NO;
				GCC_NO_COMMON_BLOCKS = YES;
				GCC_OPTIMIZATION_LEVEL = 0;
				GCC_PREPROCESSOR_DEFINITIONS = (
					"DEBUG=1",
					"$(inherited)",
				);
				GCC_WARN_64_TO_32_BIT_CONVERSION = YES;
				GCC_WARN_ABOUT_RETURN_TYPE = YES_ERROR;
				GCC_WARN_UNDECLARED_SELECTOR = YES;
				GCC_WARN_UNINITIALIZED_AUTOS = YES_AGGRESSIVE;
				GCC_WARN_UNUSED_FUNCTION = YES;
				GCC_WARN_UNUSED_VARIABLE = YES;
				IPHONEOS_DEPLOYMENT_TARGET = 14.5;
				MTL_ENABLE_DEBUG_INFO = INCLUDE_SOURCE;
				MTL_FAST_MATH = YES;
				ONLY_ACTIVE_ARCH = YES;
				SDKROOT = iphoneos;
				SWIFT_ACTIVE_COMPILATION_CONDITIONS = DEBUG;
				SWIFT_OPTIMIZATION_LEVEL = "-Onone";
			};
			name = Debug;
		};
		363AB38B265B90B1008EB666 /* Release */ = {
			isa = XCBuildConfiguration;
			buildSettings = {
				ALWAYS_SEARCH_USER_PATHS = NO;
				CLANG_ANALYZER_NONNULL = YES;
				CLANG_ANALYZER_NUMBER_OBJECT_CONVERSION = YES_AGGRESSIVE;
				CLANG_CXX_LANGUAGE_STANDARD = "gnu++14";
				CLANG_CXX_LIBRARY = "libc++";
				CLANG_ENABLE_MODULES = YES;
				CLANG_ENABLE_OBJC_ARC = YES;
				CLANG_ENABLE_OBJC_WEAK = YES;
				CLANG_WARN_BLOCK_CAPTURE_AUTORELEASING = YES;
				CLANG_WARN_BOOL_CONVERSION = YES;
				CLANG_WARN_COMMA = YES;
				CLANG_WARN_CONSTANT_CONVERSION = YES;
				CLANG_WARN_DEPRECATED_OBJC_IMPLEMENTATIONS = YES;
				CLANG_WARN_DIRECT_OBJC_ISA_USAGE = YES_ERROR;
				CLANG_WARN_DOCUMENTATION_COMMENTS = YES;
				CLANG_WARN_EMPTY_BODY = YES;
				CLANG_WARN_ENUM_CONVERSION = YES;
				CLANG_WARN_INFINITE_RECURSION = YES;
				CLANG_WARN_INT_CONVERSION = YES;
				CLANG_WARN_NON_LITERAL_NULL_CONVERSION = YES;
				CLANG_WARN_OBJC_IMPLICIT_RETAIN_SELF = YES;
				CLANG_WARN_OBJC_LITERAL_CONVERSION = YES;
				CLANG_WARN_OBJC_ROOT_CLASS = YES_ERROR;
				CLANG_WARN_QUOTED_INCLUDE_IN_FRAMEWORK_HEADER = YES;
				CLANG_WARN_RANGE_LOOP_ANALYSIS = YES;
				CLANG_WARN_STRICT_PROTOTYPES = YES;
				CLANG_WARN_SUSPICIOUS_MOVE = YES;
				CLANG_WARN_UNGUARDED_AVAILABILITY = YES_AGGRESSIVE;
				CLANG_WARN_UNREACHABLE_CODE = YES;
				CLANG_WARN__DUPLICATE_METHOD_MATCH = YES;
				COPY_PHASE_STRIP = NO;
				DEBUG_INFORMATION_FORMAT = "dwarf-with-dsym";
				ENABLE_NS_ASSERTIONS = NO;
				ENABLE_STRICT_OBJC_MSGSEND = YES;
				GCC_C_LANGUAGE_STANDARD = gnu11;
				GCC_NO_COMMON_BLOCKS = YES;
				GCC_WARN_64_TO_32_BIT_CONVERSION = YES;
				GCC_WARN_ABOUT_RETURN_TYPE = YES_ERROR;
				GCC_WARN_UNDECLARED_SELECTOR = YES;
				GCC_WARN_UNINITIALIZED_AUTOS = YES_AGGRESSIVE;
				GCC_WARN_UNUSED_FUNCTION = YES;
				GCC_WARN_UNUSED_VARIABLE = YES;
				IPHONEOS_DEPLOYMENT_TARGET = 14.5;
				MTL_ENABLE_DEBUG_INFO = NO;
				MTL_FAST_MATH = YES;
				SDKROOT = iphoneos;
				SWIFT_COMPILATION_MODE = wholemodule;
				SWIFT_OPTIMIZATION_LEVEL = "-O";
				VALIDATE_PRODUCT = YES;
			};
			name = Release;
		};
		363AB38D265B90B1008EB666 /* Debug */ = {
			isa = XCBuildConfiguration;
			baseConfigurationReference = 3EFBB28ED6BE31F55E3BDB83 /* Pods-Legions.debug.xcconfig */;
			buildSettings = {
				ASSETCATALOG_COMPILER_APPICON_NAME = AppIcon;
				ASSETCATALOG_COMPILER_GLOBAL_ACCENT_COLOR_NAME = AccentColor;
				CODE_SIGN_STYLE = Automatic;
				INFOPLIST_FILE = Legions/App/Info.plist;
				IPHONEOS_DEPLOYMENT_TARGET = 15.0;
				LD_RUNPATH_SEARCH_PATHS = (
					"$(inherited)",
					"@executable_path/Frameworks",
				);
				PRODUCT_BUNDLE_IDENTIFIER = ru.Swiftbook.Legions;
				PRODUCT_NAME = "$(TARGET_NAME)";
				SWIFT_VERSION = 5.0;
				TARGETED_DEVICE_FAMILY = 1;
			};
			name = Debug;
		};
		363AB38E265B90B1008EB666 /* Release */ = {
			isa = XCBuildConfiguration;
			baseConfigurationReference = 33157B9ABAAF2B6EEB83EEEE /* Pods-Legions.release.xcconfig */;
			buildSettings = {
				ASSETCATALOG_COMPILER_APPICON_NAME = AppIcon;
				ASSETCATALOG_COMPILER_GLOBAL_ACCENT_COLOR_NAME = AccentColor;
				CODE_SIGN_STYLE = Automatic;
				INFOPLIST_FILE = Legions/App/Info.plist;
				IPHONEOS_DEPLOYMENT_TARGET = 15.0;
				LD_RUNPATH_SEARCH_PATHS = (
					"$(inherited)",
					"@executable_path/Frameworks",
				);
				PRODUCT_BUNDLE_IDENTIFIER = ru.Swiftbook.Legions;
				PRODUCT_NAME = "$(TARGET_NAME)";
				SWIFT_VERSION = 5.0;
				TARGETED_DEVICE_FAMILY = 1;
			};
			name = Release;
		};
/* End XCBuildConfiguration section */

/* Begin XCConfigurationList section */
		363AB373265B90AF008EB666 /* Build configuration list for PBXProject "Legions" */ = {
			isa = XCConfigurationList;
			buildConfigurations = (
				363AB38A265B90B1008EB666 /* Debug */,
				363AB38B265B90B1008EB666 /* Release */,
			);
			defaultConfigurationIsVisible = 0;
			defaultConfigurationName = Release;
		};
		363AB38C265B90B1008EB666 /* Build configuration list for PBXNativeTarget "Legions" */ = {
			isa = XCConfigurationList;
			buildConfigurations = (
				363AB38D265B90B1008EB666 /* Debug */,
				363AB38E265B90B1008EB666 /* Release */,
			);
			defaultConfigurationIsVisible = 0;
			defaultConfigurationName = Release;
		};
/* End XCConfigurationList section */
	};
	rootObject = 363AB370265B90AF008EB666 /* Project object */;
}
